
Microsoft Visual Studio Solution File, Format Version 12.00
# Visual Studio 15
VisualStudioVersion = 15.0.28307.438
MinimumVisualStudioVersion = 10.0.40219.1
Project("{8BC9CEB8-8B4A-11D0-8D11-00A0C91BC942}") = "FlappyBird", "FlappyBird\FlappyBird.vcxproj", "{91C5AFDA-D147-4701-8760-CC1AE2B4B0E9}"
EndProject
Global
	GlobalSection(SolutionConfigurationPlatforms) = preSolution
		Debug|x64 = Debug|x64
		Debug|x86 = Debug|x86
		Release|x64 = Release|x64
		Release|x86 = Release|x86
	EndGlobalSection
	GlobalSection(ProjectConfigurationPlatforms) = postSolution
		{91C5AFDA-D147-4701-8760-CC1AE2B4B0E9}.Debug|x64.ActiveCfg = Debug|x64
		{91C5AFDA-D147-4701-8760-CC1AE2B4B0E9}.Debug|x64.Build.0 = Debug|x64
		{91C5AFDA-D147-4701-8760-CC1AE2B4B0E9}.Debug|x86.ActiveCfg = Debug|Win32
		{91C5AFDA-D147-4701-8760-CC1AE2B4B0E9}.Debug|x86.Build.0 = Debug|Win32
		{91C5AFDA-D147-4701-8760-CC1AE2B4B0E9}.Release|x64.ActiveCfg = Release|x64
		{91C5AFDA-D147-4701-8760-CC1AE2B4B0E9}.Release|x64.Build.0 = Release|x64
		{91C5AFDA-D147-4701-8760-CC1AE2B4B0E9}.Release|x86.ActiveCfg = Release|Win32
		{91C5AFDA-D147-4701-8760-CC1AE2B4B0E9}.Release|x86.Build.0 = Release|Win32
	EndGlobalSection
	GlobalSection(SolutionProperties) = preSolution
		HideSolutionNode = FALSE
	EndGlobalSection
	GlobalSection(ExtensibilityGlobals) = postSolution
		SolutionGuid = {0F79315A-D6C4-4D9F-A5C5-03B78563633B}
	EndGlobalSection
EndGlobal
